
Microsoft Visual Studio Solution File, Format Version 12.00
# Visual Studio Version 17
VisualStudioVersion = 17.2.32630.192
MinimumVisualStudioVersion = 10.0.40219.1
Project("{9A19103F-16F7-4668-BE54-9A1E7A4F7556}") = "DataAccess", "DataAccess\DataAccess.csproj", "{5A1E8F96-9FFE-4E0A-AD95-CA14CA629629}"
EndProject
Project("{9A19103F-16F7-4668-BE54-9A1E7A4F7556}") = "Business", "Business\Business.csproj", "{8EE00E09-7E62-4A42-AA5F-29ABEF3DE6F9}"
EndProject
Project("{9A19103F-16F7-4668-BE54-9A1E7A4F7556}") = "Entities", "Entities\Entities.csproj", "{296EBF35-2105-4E5E-BF92-FCD7F1349519}"
EndProject
Project("{9A19103F-16F7-4668-BE54-9A1E7A4F7556}") = "ConsoleUI", "ConsoleUI\ConsoleUI.csproj", "{1141C285-66E7-4B0E-AA5F-580F456C6D40}"
EndProject
Project("{FAE04EC0-301F-11D3-BF4B-00C04F79EFBC}") = "Core", "Core\Core.csproj", "{471A31DA-E88E-47FF-B44E-95FAF5F384C2}"
EndProject
Global
	GlobalSection(SolutionConfigurationPlatforms) = preSolution
		Debug|Any CPU = Debug|Any CPU
		Release|Any CPU = Release|Any CPU
	EndGlobalSection
	GlobalSection(ProjectConfigurationPlatforms) = postSolution
		{5A1E8F96-9FFE-4E0A-AD95-CA14CA629629}.Debug|Any CPU.ActiveCfg = Debug|Any CPU
		{5A1E8F96-9FFE-4E0A-AD95-CA14CA629629}.Debug|Any CPU.Build.0 = Debug|Any CPU
		{5A1E8F96-9FFE-4E0A-AD95-CA14CA629629}.Release|Any CPU.ActiveCfg = Release|Any CPU
		{5A1E8F96-9FFE-4E0A-AD95-CA14CA629629}.Release|Any CPU.Build.0 = Release|Any CPU
		{8EE00E09-7E62-4A42-AA5F-29ABEF3DE6F9}.Debug|Any CPU.ActiveCfg = Debug|Any CPU
		{8EE00E09-7E62-4A42-AA5F-29ABEF3DE6F9}.Debug|Any CPU.Build.0 = Debug|Any CPU
		{8EE00E09-7E62-4A42-AA5F-29ABEF3DE6F9}.Release|Any CPU.ActiveCfg = Release|Any CPU
		{8EE00E09-7E62-4A42-AA5F-29ABEF3DE6F9}.Release|Any CPU.Build.0 = Release|Any CPU
		{296EBF35-2105-4E5E-BF92-FCD7F1349519}.Debug|Any CPU.ActiveCfg = Debug|Any CPU
		{296EBF35-2105-4E5E-BF92-FCD7F1349519}.Debug|Any CPU.Build.0 = Debug|Any CPU
		{296EBF35-2105-4E5E-BF92-FCD7F1349519}.Release|Any CPU.ActiveCfg = Release|Any CPU
		{296EBF35-2105-4E5E-BF92-FCD7F1349519}.Release|Any CPU.Build.0 = Release|Any CPU
		{1141C285-66E7-4B0E-AA5F-580F456C6D40}.Debug|Any CPU.ActiveCfg = Debug|Any CPU
		{1141C285-66E7-4B0E-AA5F-580F456C6D40}.Debug|Any CPU.Build.0 = Debug|Any CPU
		{1141C285-66E7-4B0E-AA5F-580F456C6D40}.Release|Any CPU.ActiveCfg = Release|Any CPU
		{1141C285-66E7-4B0E-AA5F-580F456C6D40}.Release|Any CPU.Build.0 = Release|Any CPU
		{471A31DA-E88E-47FF-B44E-95FAF5F384C2}.Debug|Any CPU.ActiveCfg = Debug|Any CPU
		{471A31DA-E88E-47FF-B44E-95FAF5F384C2}.Debug|Any CPU.Build.0 = Debug|Any CPU
		{471A31DA-E88E-47FF-B44E-95FAF5F384C2}.Release|Any CPU.ActiveCfg = Release|Any CPU
		{471A31DA-E88E-47FF-B44E-95FAF5F384C2}.Release|Any CPU.Build.0 = Release|Any CPU
	EndGlobalSection
	GlobalSection(SolutionProperties) = preSolution
		HideSolutionNode = FALSE
	EndGlobalSection
	GlobalSection(ExtensibilityGlobals) = postSolution
		SolutionGuid = {57CEDF1F-D26E-481E-9D92-1E8B2FB8C8FF}
	EndGlobalSection
EndGlobal
